
Microsoft Visual Studio Solution File, Format Version 12.00
Project("{FAE04EC0-301F-11D3-BF4B-00C04F79EFBC}") = "CatchUpPlatform.API", "CatchUpPlatform.API\CatchUpPlatform.API.csproj", "{7321D18C-D407-487D-8097-1E08A13DF527}"
EndProject
Global
	GlobalSection(SolutionConfigurationPlatforms) = preSolution
		Debug|Any CPU = Debug|Any CPU
		Release|Any CPU = Release|Any CPU
	EndGlobalSection
	GlobalSection(ProjectConfigurationPlatforms) = postSolution
		{7321D18C-D407-487D-8097-1E08A13DF527}.Debug|Any CPU.ActiveCfg = Debug|Any CPU
		{7321D18C-D407-487D-8097-1E08A13DF527}.Debug|Any CPU.Build.0 = Debug|Any CPU
		{7321D18C-D407-487D-8097-1E08A13DF527}.Release|Any CPU.ActiveCfg = Release|Any CPU
		{7321D18C-D407-487D-8097-1E08A13DF527}.Release|Any CPU.Build.0 = Release|Any CPU
	EndGlobalSection
EndGlobal
